// !$*UTF8*$!
{
	archiveVersion = 1;
	classes = {
	};
	objectVersion = 50;
	objects = {

/* Begin PBXBuildFile section */
		3A6185C124A2FA9E00D35114 /* AppDelegate.swift in Sources */ = {isa = PBXBuildFile; fileRef = 3A6185C024A2FA9E00D35114 /* AppDelegate.swift */; };
		3A6185C324A2FA9E00D35114 /* SceneDelegate.swift in Sources */ = {isa = PBXBuildFile; fileRef = 3A6185C224A2FA9E00D35114 /* SceneDelegate.swift */; };
		3A6185C524A2FA9E00D35114 /* ContentView.swift in Sources */ = {isa = PBXBuildFile; fileRef = 3A6185C424A2FA9E00D35114 /* ContentView.swift */; };
		3A6185C724A2FAA000D35114 /* Assets.xcassets in Resources */ = {isa = PBXBuildFile; fileRef = 3A6185C624A2FAA000D35114 /* Assets.xcassets */; };
		3A6185CA24A2FAA000D35114 /* Preview Assets.xcassets in Resources */ = {isa = PBXBuildFile; fileRef = 3A6185C924A2FAA000D35114 /* Preview Assets.xcassets */; };
		3A6185CD24A2FAA000D35114 /* LaunchScreen.storyboard in Resources */ = {isa = PBXBuildFile; fileRef = 3A6185CB24A2FAA000D35114 /* LaunchScreen.storyboard */; };
		3A6185D824A2FAA000D35114 /* TravelAppTests.swift in Sources */ = {isa = PBXBuildFile; fileRef = 3A6185D724A2FAA000D35114 /* TravelAppTests.swift */; };
		3A6185E324A2FAA000D35114 /* TravelAppUITests.swift in Sources */ = {isa = PBXBuildFile; fileRef = 3A6185E224A2FAA000D35114 /* TravelAppUITests.swift */; };
/* End PBXBuildFile section */

/* Begin PBXContainerItemProxy section */
		3A6185D424A2FAA000D35114 /* PBXContainerItemProxy */ = {
			isa = PBXContainerItemProxy;
			containerPortal = 3A6185B524A2FA9E00D35114 /* Project object */;
			proxyType = 1;
			remoteGlobalIDString = 3A6185BC24A2FA9E00D35114;
			remoteInfo = TravelApp;
		};
		3A6185DF24A2FAA000D35114 /* PBXContainerItemProxy */ = {
			isa = PBXContainerItemProxy;
			containerPortal = 3A6185B524A2FA9E00D35114 /* Project object */;
			proxyType = 1;
			remoteGlobalIDString = 3A6185BC24A2FA9E00D35114;
			remoteInfo = TravelApp;
		};
/* End PBXContainerItemProxy section */

/* Begin PBXFileReference section */
		3A6185BD24A2FA9E00D35114 /* TravelApp.app */ = {isa = PBXFileReference; explicitFileType = wrapper.application; includeInIndex = 0; path = TravelApp.app; sourceTree = BUILT_PRODUCTS_DIR; };
		3A6185C024A2FA9E00D35114 /* AppDelegate.swift */ = {isa = PBXFileReference; lastKnownFileType = sourcecode.swift; path = AppDelegate.swift; sourceTree = "<group>"; };
		3A6185C224A2FA9E00D35114 /* SceneDelegate.swift */ = {isa = PBXFileReference; lastKnownFileType = sourcecode.swift; path = SceneDelegate.swift; sourceTree = "<group>"; };
		3A6185C424A2FA9E00D35114 /* ContentView.swift */ = {isa = PBXFileReference; lastKnownFileType = sourcecode.swift; path = ContentView.swift; sourceTree = "<group>"; };
		3A6185C624A2FAA000D35114 /* Assets.xcassets */ = {isa = PBXFileReference; lastKnownFileType = folder.assetcatalog; path = Assets.xcassets; sourceTree = "<group>"; };
		3A6185C924A2FAA000D35114 /* Preview Assets.xcassets */ = {isa = PBXFileReference; lastKnownFileType = folder.assetcatalog; path = "Preview Assets.xcassets"; sourceTree = "<group>"; };
		3A6185CC24A2FAA000D35114 /* Base */ = {isa = PBXFileReference; lastKnownFileType = file.storyboard; name = Base; path = Base.lproj/LaunchScreen.storyboard; sourceTree = "<group>"; };
		3A6185CE24A2FAA000D35114 /* Info.plist */ = {isa = PBXFileReference; lastKnownFileType = text.plist.xml; path = Info.plist; sourceTree = "<group>"; };
		3A6185D324A2FAA000D35114 /* TravelAppTests.xctest */ = {isa = PBXFileReference; explicitFileType = wrapper.cfbundle; includeInIndex = 0; path = TravelAppTests.xctest; sourceTree = BUILT_PRODUCTS_DIR; };
		3A6185D724A2FAA000D35114 /* TravelAppTests.swift */ = {isa = PBXFileReference; lastKnownFileType = sourcecode.swift; path = TravelAppTests.swift; sourceTree = "<group>"; };
		3A6185D924A2FAA000D35114 /* Info.plist */ = {isa = PBXFileReference; lastKnownFileType = text.plist.xml; path = Info.plist; sourceTree = "<group>"; };
		3A6185DE24A2FAA000D35114 /* TravelAppUITests.xctest */ = {isa = PBXFileReference; explicitFileType = wrapper.cfbundle; includeInIndex = 0; path = TravelAppUITests.xctest; sourceTree = BUILT_PRODUCTS_DIR; };
		3A6185E224A2FAA000D35114 /* TravelAppUITests.swift */ = {isa = PBXFileReference; lastKnownFileType = sourcecode.swift; path = TravelAppUITests.swift; sourceTree = "<group>"; };
		3A6185E424A2FAA000D35114 /* Info.plist */ = {isa = PBXFileReference; lastKnownFileType = text.plist.xml; path = Info.plist; sourceTree = "<group>"; };
/* End PBXFileReference section */

/* Begin PBXFrameworksBuildPhase section */
		3A6185BA24A2FA9E00D35114 /* Frameworks */ = {
			isa = PBXFrameworksBuildPhase;
			buildActionMask = 2147483647;
			files = (
			);
			runOnlyForDeploymentPostprocessing = 0;
		};
		3A6185D024A2FAA000D35114 /* Frameworks */ = {
			isa = PBXFrameworksBuildPhase;
			buildActionMask = 2147483647;
			files = (
			);
			runOnlyForDeploymentPostprocessing = 0;
		};
		3A6185DB24A2FAA000D35114 /* Frameworks */ = {
			isa = PBXFrameworksBuildPhase;
			buildActionMask = 2147483647;
			files = (
			);
			runOnlyForDeploymentPostprocessing = 0;
		};
/* End PBXFrameworksBuildPhase section */

/* Begin PBXGroup section */
		3A6185B424A2FA9E00D35114 = {
			isa = PBXGroup;
			children = (
				3A6185BF24A2FA9E00D35114 /* TravelApp */,
				3A6185D624A2FAA000D35114 /* TravelAppTests */,
				3A6185E124A2FAA000D35114 /* TravelAppUITests */,
				3A6185BE24A2FA9E00D35114 /* Products */,
			);
			sourceTree = "<group>";
		};
		3A6185BE24A2FA9E00D35114 /* Products */ = {
			isa = PBXGroup;
			children = (
				3A6185BD24A2FA9E00D35114 /* TravelApp.app */,
				3A6185D324A2FAA000D35114 /* TravelAppTests.xctest */,
				3A6185DE24A2FAA000D35114 /* TravelAppUITests.xctest */,
			);
			name = Products;
			sourceTree = "<group>";
		};
		3A6185BF24A2FA9E00D35114 /* TravelApp */ = {
			isa = PBXGroup;
			children = (
				3A6185C024A2FA9E00D35114 /* AppDelegate.swift */,
				3A6185C224A2FA9E00D35114 /* SceneDelegate.swift */,
				3A6185C424A2FA9E00D35114 /* ContentView.swift */,
				3A6185C624A2FAA000D35114 /* Assets.xcassets */,
				3A6185CB24A2FAA000D35114 /* LaunchScreen.storyboard */,
				3A6185CE24A2FAA000D35114 /* Info.plist */,
				3A6185C824A2FAA000D35114 /* Preview Content */,
			);
			path = TravelApp;
			sourceTree = "<group>";
		};
		3A6185C824A2FAA000D35114 /* Preview Content */ = {
			isa = PBXGroup;
			children = (
				3A6185C924A2FAA000D35114 /* Preview Assets.xcassets */,
			);
			path = "Preview Content";
			sourceTree = "<group>";
		};
		3A6185D624A2FAA000D35114 /* TravelAppTests */ = {
			isa = PBXGroup;
			children = (
				3A6185D724A2FAA000D35114 /* TravelAppTests.swift */,
				3A6185D924A2FAA000D35114 /* Info.plist */,
			);
			path = TravelAppTests;
			sourceTree = "<group>";
		};
		3A6185E124A2FAA000D35114 /* TravelAppUITests */ = {
			isa = PBXGroup;
			children = (
				3A6185E224A2FAA000D35114 /* TravelAppUITests.swift */,
				3A6185E424A2FAA000D35114 /* Info.plist */,
			);
			path = TravelAppUITests;
			sourceTree = "<group>";
		};
/* End PBXGroup section */

/* Begin PBXNativeTarget section */
		3A6185BC24A2FA9E00D35114 /* TravelApp */ = {
			isa = PBXNativeTarget;
			buildConfigurationList = 3A6185E724A2FAA000D35114 /* Build configuration list for PBXNativeTarget "TravelApp" */;
			buildPhases = (
				3A6185B924A2FA9E00D35114 /* Sources */,
				3A6185BA24A2FA9E00D35114 /* Frameworks */,
				3A6185BB24A2FA9E00D35114 /* Resources */,
			);
			buildRules = (
			);
			dependencies = (
			);
			name = TravelApp;
			productName = TravelApp;
			productReference = 3A6185BD24A2FA9E00D35114 /* TravelApp.app */;
			productType = "com.apple.product-type.application";
		};
		3A6185D224A2FAA000D35114 /* TravelAppTests */ = {
			isa = PBXNativeTarget;
			buildConfigurationList = 3A6185EA24A2FAA000D35114 /* Build configuration list for PBXNativeTarget "TravelAppTests" */;
			buildPhases = (
				3A6185CF24A2FAA000D35114 /* Sources */,
				3A6185D024A2FAA000D35114 /* Frameworks */,
				3A6185D124A2FAA000D35114 /* Resources */,
			);
			buildRules = (
			);
			dependencies = (
				3A6185D524A2FAA000D35114 /* PBXTargetDependency */,
			);
			name = TravelAppTests;
			productName = TravelAppTests;
			productReference = 3A6185D324A2FAA000D35114 /* TravelAppTests.xctest */;
			productType = "com.apple.product-type.bundle.unit-test";
		};
		3A6185DD24A2FAA000D35114 /* TravelAppUITests */ = {
			isa = PBXNativeTarget;
			buildConfigurationList = 3A6185ED24A2FAA000D35114 /* Build configuration list for PBXNativeTarget "TravelAppUITests" */;
			buildPhases = (
				3A6185DA24A2FAA000D35114 /* Sources */,
				3A6185DB24A2FAA000D35114 /* Frameworks */,
				3A6185DC24A2FAA000D35114 /* Resources */,
			);
			buildRules = (
			);
			dependencies = (
				3A6185E024A2FAA000D35114 /* PBXTargetDependency */,
			);
			name = TravelAppUITests;
			productName = TravelAppUITests;
			productReference = 3A6185DE24A2FAA000D35114 /* TravelAppUITests.xctest */;
			productType = "com.apple.product-type.bundle.ui-testing";
		};
/* End PBXNativeTarget section */

/* Begin PBXProject section */
		3A6185B524A2FA9E00D35114 /* Project object */ = {
			isa = PBXProject;
			attributes = {
				LastSwiftUpdateCheck = 1150;
				LastUpgradeCheck = 1150;
				ORGANIZATIONNAME = supernode;
				TargetAttributes = {
					3A6185BC24A2FA9E00D35114 = {
						CreatedOnToolsVersion = 11.5;
					};
					3A6185D224A2FAA000D35114 = {
						CreatedOnToolsVersion = 11.5;
						TestTargetID = 3A6185BC24A2FA9E00D35114;
					};
					3A6185DD24A2FAA000D35114 = {
						CreatedOnToolsVersion = 11.5;
						TestTargetID = 3A6185BC24A2FA9E00D35114;
					};
				};
			};
			buildConfigurationList = 3A6185B824A2FA9E00D35114 /* Build configuration list for PBXProject "TravelApp" */;
			compatibilityVersion = "Xcode 9.3";
			developmentRegion = en;
			hasScannedForEncodings = 0;
			knownRegions = (
				en,
				Base,
			);
			mainGroup = 3A6185B424A2FA9E00D35114;
			productRefGroup = 3A6185BE24A2FA9E00D35114 /* Products */;
			projectDirPath = "";
			projectRoot = "";
			targets = (
				3A6185BC24A2FA9E00D35114 /* TravelApp */,
				3A6185D224A2FAA000D35114 /* TravelAppTests */,
				3A6185DD24A2FAA000D35114 /* TravelAppUITests */,
			);
		};
/* End PBXProject section */

/* Begin PBXResourcesBuildPhase section */
		3A6185BB24A2FA9E00D35114 /* Resources */ = {
			isa = PBXResourcesBuildPhase;
			buildActionMask = 2147483647;
			files = (
				3A6185CD24A2FAA000D35114 /* LaunchScreen.storyboard in Resources */,
				3A6185CA24A2FAA000D35114 /* Preview Assets.xcassets in Resources */,
				3A6185C724A2FAA000D35114 /* Assets.xcassets in Resources */,
			);
			runOnlyForDeploymentPostprocessing = 0;
		};
		3A6185D124A2FAA000D35114 /* Resources */ = {
			isa = PBXResourcesBuildPhase;
			buildActionMask = 2147483647;
			files = (
			);
			runOnlyForDeploymentPostprocessing = 0;
		};
		3A6185DC24A2FAA000D35114 /* Resources */ = {
			isa = PBXResourcesBuildPhase;
			buildActionMask = 2147483647;
			files = (
			);
			runOnlyForDeploymentPostprocessing = 0;
		};
/* End PBXResourcesBuildPhase section */

/* Begin PBXSourcesBuildPhase section */
		3A6185B924A2FA9E00D35114 /* Sources */ = {
			isa = PBXSourcesBuildPhase;
			buildActionMask = 2147483647;
			files = (
				3A6185C124A2FA9E00D35114 /* AppDelegate.swift in Sources */,
				3A6185C324A2FA9E00D35114 /* SceneDelegate.swift in Sources */,
				3A6185C524A2FA9E00D35114 /* ContentView.swift in Sources */,
			);
			runOnlyForDeploymentPostprocessing = 0;
		};
		3A6185CF24A2FAA000D35114 /* Sources */ = {
			isa = PBXSourcesBuildPhase;
			buildActionMask = 2147483647;
			files = (
				3A6185D824A2FAA000D35114 /* TravelAppTests.swift in Sources */,
			);
			runOnlyForDeploymentPostprocessing = 0;
		};
		3A6185DA24A2FAA000D35114 /* Sources */ = {
			isa = PBXSourcesBuildPhase;
			buildActionMask = 2147483647;
			files = (
				3A6185E324A2FAA000D35114 /* TravelAppUITests.swift in Sources */,
			);
			runOnlyForDeploymentPostprocessing = 0;
		};
/* End PBXSourcesBuildPhase section */

/* Begin PBXTargetDependency section */
		3A6185D524A2FAA000D35114 /* PBXTargetDependency */ = {
			isa = PBXTargetDependency;
			target = 3A6185BC24A2FA9E00D35114 /* TravelApp */;
			targetProxy = 3A6185D424A2FAA000D35114 /* PBXContainerItemProxy */;
		};
		3A6185E024A2FAA000D35114 /* PBXTargetDependency */ = {
			isa = PBXTargetDependency;
			target = 3A6185BC24A2FA9E00D35114 /* TravelApp */;
			targetProxy = 3A6185DF24A2FAA000D35114 /* PBXContainerItemProxy */;
		};
/* End PBXTargetDependency section */

/* Begin PBXVariantGroup section */
		3A6185CB24A2FAA000D35114 /* LaunchScreen.storyboard */ = {
			isa = PBXVariantGroup;
			children = (
				3A6185CC24A2FAA000D35114 /* Base */,
			);
			name = LaunchScreen.storyboard;
			sourceTree = "<group>";
		};
/* End PBXVariantGroup section */

/* Begin XCBuildConfiguration section */
		3A6185E524A2FAA000D35114 /* Debug */ = {
			isa = XCBuildConfiguration;
			buildSettings = {
				ALWAYS_SEARCH_USER_PATHS = NO;
				CLANG_ANALYZER_NONNULL = YES;
				CLANG_ANALYZER_NUMBER_OBJECT_CONVERSION = YES_AGGRESSIVE;
				CLANG_CXX_LANGUAGE_STANDARD = "gnu++14";
				CLANG_CXX_LIBRARY = "libc++";
				CLANG_ENABLE_MODULES = YES;
				CLANG_ENABLE_OBJC_ARC = YES;
				CLANG_ENABLE_OBJC_WEAK = YES;
				CLANG_WARN_BLOCK_CAPTURE_AUTORELEASING = YES;
				CLANG_WARN_BOOL_CONVERSION = YES;
				CLANG_WARN_COMMA = YES;
				CLANG_WARN_CONSTANT_CONVERSION = YES;
				CLANG_WARN_DEPRECATED_OBJC_IMPLEMENTATIONS = YES;
				CLANG_WARN_DIRECT_OBJC_ISA_USAGE = YES_ERROR;
				CLANG_WARN_DOCUMENTATION_COMMENTS = YES;
				CLANG_WARN_EMPTY_BODY = YES;
				CLANG_WARN_ENUM_CONVERSION = YES;
				CLANG_WARN_INFINITE_RECURSION = YES;
				CLANG_WARN_INT_CONVERSION = YES;
				CLANG_WARN_NON_LITERAL_NULL_CONVERSION = YES;
				CLANG_WARN_OBJC_IMPLICIT_RETAIN_SELF = YES;
				CLANG_WARN_OBJC_LITERAL_CONVERSION = YES;
				CLANG_WARN_OBJC_ROOT_CLASS = YES_ERROR;
				CLANG_WARN_RANGE_LOOP_ANALYSIS = YES;
				CLANG_WARN_STRICT_PROTOTYPES = YES;
				CLANG_WARN_SUSPICIOUS_MOVE = YES;
				CLANG_WARN_UNGUARDED_AVAILABILITY = YES_AGGRESSIVE;
				CLANG_WARN_UNREACHABLE_CODE = YES;
				CLANG_WARN__DUPLICATE_METHOD_MATCH = YES;
				COPY_PHASE_STRIP = NO;
				DEBUG_INFORMATION_FORMAT = dwarf;
				ENABLE_STRICT_OBJC_MSGSEND = YES;
				ENABLE_TESTABILITY = YES;
				GCC_C_LANGUAGE_STANDARD = gnu11;
				GCC_DYNAMIC_NO_PIC = NO;
				GCC_NO_COMMON_BLOCKS = YES;
				GCC_OPTIMIZATION_LEVEL = 0;
				GCC_PREPROCESSOR_DEFINITIONS = (
					"DEBUG=1",
					"$(inherited)",
				);
				GCC_WARN_64_TO_32_BIT_CONVERSION = YES;
				GCC_WARN_ABOUT_RETURN_TYPE = YES_ERROR;
				GCC_WARN_UNDECLARED_SELECTOR = YES;
				GCC_WARN_UNINITIALIZED_AUTOS = YES_AGGRESSIVE;
				GCC_WARN_UNUSED_FUNCTION = YES;
				GCC_WARN_UNUSED_VARIABLE = YES;
				IPHONEOS_DEPLOYMENT_TARGET = 13.5;
				MTL_ENABLE_DEBUG_INFO = INCLUDE_SOURCE;
				MTL_FAST_MATH = YES;
				ONLY_ACTIVE_ARCH = YES;
				SDKROOT = iphoneos;
				SWIFT_ACTIVE_COMPILATION_CONDITIONS = DEBUG;
				SWIFT_OPTIMIZATION_LEVEL = "-Onone";
			};
			name = Debug;
		};
		3A6185E624A2FAA000D35114 /* Release */ = {
			isa = XCBuildConfiguration;
			buildSettings = {
				ALWAYS_SEARCH_USER_PATHS = NO;
				CLANG_ANALYZER_NONNULL = YES;
				CLANG_ANALYZER_NUMBER_OBJECT_CONVERSION = YES_AGGRESSIVE;
				CLANG_CXX_LANGUAGE_STANDARD = "gnu++14";
				CLANG_CXX_LIBRARY = "libc++";
				CLANG_ENABLE_MODULES = YES;
				CLANG_ENABLE_OBJC_ARC = YES;
				CLANG_ENABLE_OBJC_WEAK = YES;
				CLANG_WARN_BLOCK_CAPTURE_AUTORELEASING = YES;
				CLANG_WARN_BOOL_CONVERSION = YES;
				CLANG_WARN_COMMA = YES;
				CLANG_WARN_CONSTANT_CONVERSION = YES;
				CLANG_WARN_DEPRECATED_OBJC_IMPLEMENTATIONS = YES;
				CLANG_WARN_DIRECT_OBJC_ISA_USAGE = YES_ERROR;
				CLANG_WARN_DOCUMENTATION_COMMENTS = YES;
				CLANG_WARN_EMPTY_BODY = YES;
				CLANG_WARN_ENUM_CONVERSION = YES;
				CLANG_WARN_INFINITE_RECURSION = YES;
				CLANG_WARN_INT_CONVERSION = YES;
				CLANG_WARN_NON_LITERAL_NULL_CONVERSION = YES;
				CLANG_WARN_OBJC_IMPLICIT_RETAIN_SELF = YES;
				CLANG_WARN_OBJC_LITERAL_CONVERSION = YES;
				CLANG_WARN_OBJC_ROOT_CLASS = YES_ERROR;
				CLANG_WARN_RANGE_LOOP_ANALYSIS = YES;
				CLANG_WARN_STRICT_PROTOTYPES = YES;
				CLANG_WARN_SUSPICIOUS_MOVE = YES;
				CLANG_WARN_UNGUARDED_AVAILABILITY = YES_AGGRESSIVE;
				CLANG_WARN_UNREACHABLE_CODE = YES;
				CLANG_WARN__DUPLICATE_METHOD_MATCH = YES;
				COPY_PHASE_STRIP = NO;
				DEBUG_INFORMATION_FORMAT = "dwarf-with-dsym";
				ENABLE_NS_ASSERTIONS = NO;
				ENABLE_STRICT_OBJC_MSGSEND = YES;
				GCC_C_LANGUAGE_STANDARD = gnu11;
				GCC_NO_COMMON_BLOCKS = YES;
				GCC_WARN_64_TO_32_BIT_CONVERSION = YES;
				GCC_WARN_ABOUT_RETURN_TYPE = YES_ERROR;
				GCC_WARN_UNDECLARED_SELECTOR = YES;
				GCC_WARN_UNINITIALIZED_AUTOS = YES_AGGRESSIVE;
				GCC_WARN_UNUSED_FUNCTION = YES;
				GCC_WARN_UNUSED_VARIABLE = YES;
				IPHONEOS_DEPLOYMENT_TARGET = 13.5;
				MTL_ENABLE_DEBUG_INFO = NO;
				MTL_FAST_MATH = YES;
				SDKROOT = iphoneos;
				SWIFT_COMPILATION_MODE = wholemodule;
				SWIFT_OPTIMIZATION_LEVEL = "-O";
				VALIDATE_PRODUCT = YES;
			};
			name = Release;
		};
		3A6185E824A2FAA000D35114 /* Debug */ = {
			isa = XCBuildConfiguration;
			buildSettings = {
				ASSETCATALOG_COMPILER_APPICON_NAME = AppIcon;
				CODE_SIGN_STYLE = Automatic;
				DEVELOPMENT_ASSET_PATHS = "\"TravelApp/Preview Content\"";
				ENABLE_PREVIEWS = YES;
				INFOPLIST_FILE = TravelApp/Info.plist;
				LD_RUNPATH_SEARCH_PATHS = (
					"$(inherited)",
					"@executable_path/Frameworks",
				);
				PRODUCT_BUNDLE_IDENTIFIER = com.falih.id.TravelApp;
				PRODUCT_NAME = "$(TARGET_NAME)";
				SWIFT_VERSION = 5.0;
				TARGETED_DEVICE_FAMILY = "1,2";
			};
			name = Debug;
		};
		3A6185E924A2FAA000D35114 /* Release */ = {
			isa = XCBuildConfiguration;
			buildSettings = {
				ASSETCATALOG_COMPILER_APPICON_NAME = AppIcon;
				CODE_SIGN_STYLE = Automatic;
				DEVELOPMENT_ASSET_PATHS = "\"TravelApp/Preview Content\"";
				ENABLE_PREVIEWS = YES;
				INFOPLIST_FILE = TravelApp/Info.plist;
				LD_RUNPATH_SEARCH_PATHS = (
					"$(inherited)",
					"@executable_path/Frameworks",
				);
				PRODUCT_BUNDLE_IDENTIFIER = com.falih.id.TravelApp;
				PRODUCT_NAME = "$(TARGET_NAME)";
				SWIFT_VERSION = 5.0;
				TARGETED_DEVICE_FAMILY = "1,2";
			};
			name = Release;
		};
		3A6185EB24A2FAA000D35114 /* Debug */ = {
			isa = XCBuildConfiguration;
			buildSettings = {
				ALWAYS_EMBED_SWIFT_STANDARD_LIBRARIES = YES;
				BUNDLE_LOADER = "$(TEST_HOST)";
				CODE_SIGN_STYLE = Automatic;
				INFOPLIST_FILE = TravelAppTests/Info.plist;
				IPHONEOS_DEPLOYMENT_TARGET = 13.5;
				LD_RUNPATH_SEARCH_PATHS = (
					"$(inherited)",
					"@executable_path/Frameworks",
					"@loader_path/Frameworks",
				);
				PRODUCT_BUNDLE_IDENTIFIER = com.falih.id.TravelAppTests;
				PRODUCT_NAME = "$(TARGET_NAME)";
				SWIFT_VERSION = 5.0;
				TARGETED_DEVICE_FAMILY = "1,2";
				TEST_HOST = "$(BUILT_PRODUCTS_DIR)/TravelApp.app/TravelApp";
			};
			name = Debug;
		};
		3A6185EC24A2FAA000D35114 /* Release */ = {
			isa = XCBuildConfiguration;
			buildSettings = {
				ALWAYS_EMBED_SWIFT_STANDARD_LIBRARIES = YES;
				BUNDLE_LOADER = "$(TEST_HOST)";
				CODE_SIGN_STYLE = Automatic;
				INFOPLIST_FILE = TravelAppTests/Info.plist;
				IPHONEOS_DEPLOYMENT_TARGET = 13.5;
				LD_RUNPATH_SEARCH_PATHS = (
					"$(inherited)",
					"@executable_path/Frameworks",
					"@loader_path/Frameworks",
				);
				PRODUCT_BUNDLE_IDENTIFIER = com.falih.id.TravelAppTests;
				PRODUCT_NAME = "$(TARGET_NAME)";
				SWIFT_VERSION = 5.0;
				TARGETED_DEVICE_FAMILY = "1,2";
				TEST_HOST = "$(BUILT_PRODUCTS_DIR)/TravelApp.app/TravelApp";
			};
			name = Release;
		};
		3A6185EE24A2FAA000D35114 /* Debug */ = {
			isa = XCBuildConfiguration;
			buildSettings = {
				ALWAYS_EMBED_SWIFT_STANDARD_LIBRARIES = YES;
				CODE_SIGN_STYLE = Automatic;
				INFOPLIST_FILE = TravelAppUITests/Info.plist;
				LD_RUNPATH_SEARCH_PATHS = (
					"$(inherited)",
					"@executable_path/Frameworks",
					"@loader_path/Frameworks",
				);
				PRODUCT_BUNDLE_IDENTIFIER = com.falih.id.TravelAppUITests;
				PRODUCT_NAME = "$(TARGET_NAME)";
				SWIFT_VERSION = 5.0;
				TARGETED_DEVICE_FAMILY = "1,2";
				TEST_TARGET_NAME = TravelApp;
			};
			name = Debug;
		};
		3A6185EF24A2FAA000D35114 /* Release */ = {
			isa = XCBuildConfiguration;
			buildSettings = {
				ALWAYS_EMBED_SWIFT_STANDARD_LIBRARIES = YES;
				CODE_SIGN_STYLE = Automatic;
				INFOPLIST_FILE = TravelAppUITests/Info.plist;
				LD_RUNPATH_SEARCH_PATHS = (
					"$(inherited)",
					"@executable_path/Frameworks",
					"@loader_path/Frameworks",
				);
				PRODUCT_BUNDLE_IDENTIFIER = com.falih.id.TravelAppUITests;
				PRODUCT_NAME = "$(TARGET_NAME)";
				SWIFT_VERSION = 5.0;
				TARGETED_DEVICE_FAMILY = "1,2";
				TEST_TARGET_NAME = TravelApp;
			};
			name = Release;
		};
/* End XCBuildConfiguration section */

/* Begin XCConfigurationList section */
		3A6185B824A2FA9E00D35114 /* Build configuration list for PBXProject "TravelApp" */ = {
			isa = XCConfigurationList;
			buildConfigurations = (
				3A6185E524A2FAA000D35114 /* Debug */,
				3A6185E624A2FAA000D35114 /* Release */,
			);
			defaultConfigurationIsVisible = 0;
			defaultConfigurationName = Release;
		};
		3A6185E724A2FAA000D35114 /* Build configuration list for PBXNativeTarget "TravelApp" */ = {
			isa = XCConfigurationList;
			buildConfigurations = (
				3A6185E824A2FAA000D35114 /* Debug */,
				3A6185E924A2FAA000D35114 /* Release */,
			);
			defaultConfigurationIsVisible = 0;
			defaultConfigurationName = Release;
		};
		3A6185EA24A2FAA000D35114 /* Build configuration list for PBXNativeTarget "TravelAppTests" */ = {
			isa = XCConfigurationList;
			buildConfigurations = (
				3A6185EB24A2FAA000D35114 /* Debug */,
				3A6185EC24A2FAA000D35114 /* Release */,
			);
			defaultConfigurationIsVisible = 0;
			defaultConfigurationName = Release;
		};
		3A6185ED24A2FAA000D35114 /* Build configuration list for PBXNativeTarget "TravelAppUITests" */ = {
			isa = XCConfigurationList;
			buildConfigurations = (
				3A6185EE24A2FAA000D35114 /* Debug */,
				3A6185EF24A2FAA000D35114 /* Release */,
			);
			defaultConfigurationIsVisible = 0;
			defaultConfigurationName = Release;
		};
/* End XCConfigurationList section */
	};
	rootObject = 3A6185B524A2FA9E00D35114 /* Project object */;
}
